<?xml version="1.0" encoding="utf-8"?>
<Project ToolsVersion="4.0" xmlns="http://schemas.microsoft.com/developer/msbuild/2003">
  <ItemGroup>
    <Filter Include="Source Files">
      <UniqueIdentifier>{4FC737F1-C7A5-4376-A066-2A32D752A2FF}</UniqueIdentifier>
      <Extensions>cpp;c;cc;cxx;c++;cppm;ixx;def;odl;idl;hpj;bat;asm;asmx</Extensions>
    </Filter>
    <Filter Include="Header Files">
      <UniqueIdentifier>{93995380-89BD-4b04-88EB-625FBE52EBFB}</UniqueIdentifier>
      <Extensions>h;hh;hpp;hxx;h++;hm;inl;inc;ipp;xsd</Extensions>
    </Filter>
    <Filter Include="Resource Files">
      <UniqueIdentifier>{67DA6AB6-F800-4c08-8B7A-83BB121AAD01}</UniqueIdentifier>
      <Extensions>rc;ico;cur;bmp;dlg;rc2;rct;bin;rgs;gif;jpg;jpeg;jpe;resx;tiff;tif;png;wav;mfcribbon-ms</Extensions>
    </Filter>
    <Filter Include="Header Files\entity">
      <UniqueIdentifier>{e60c81d9-ca03-40af-8186-cfedf3cf903e}</UniqueIdentifier>
    </Filter>
    <Filter Include="Source Files\entity">
      <UniqueIdentifier>{28fddae2-73a3-4158-916f-d5cfc226367a}</UniqueIdentifier>
    </Filter>
  </ItemGroup>
  <ItemGroup>
    <ClCompile Include="code\display-engine.cpp">
      <Filter>Source Files</Filter>
    </ClCompile>
    <ClCompile Include="code\game-engine.cpp">
      <Filter>Source Files</Filter>
    </ClCompile>
    <ClCompile Include="code\main-loop.cpp">
      <Filter>Source Files</Filter>
    </ClCompile>
    <ClCompile Include="code\point.cpp">
      <Filter>Source Files</Filter>
    </ClCompile>
    <ClCompile Include="code\entity\animal.cpp">
      <Filter>Source Files\entity</Filter>
    </ClCompile>
    <ClCompile Include="code\entity\entity.cpp">
      <Filter>Source Files\entity</Filter>
    </ClCompile>
    <ClCompile Include="code\entity\grass.cpp">
      <Filter>Source Files\entity</Filter>
    </ClCompile>
    <ClCompile Include="code\entity\life-form.cpp">
      <Filter>Source Files\entity</Filter>
    </ClCompile>
    <ClCompile Include="code\entity\plant.cpp">
      <Filter>Source Files\entity</Filter>
    </ClCompile>
    <ClCompile Include="code\entity\rabbit.cpp">
      <Filter>Source Files\entity</Filter>
    </ClCompile>
  </ItemGroup>
  <ItemGroup>
    <ClInclude Include="code\display-engine.h">
      <Filter>Header Files</Filter>
    </ClInclude>
    <ClInclude Include="code\game-engine.h">
      <Filter>Header Files</Filter>
    </ClInclude>
    <ClInclude Include="code\point.h">
      <Filter>Header Files</Filter>
    </ClInclude>
    <ClInclude Include="code\entity\rabbit.h">
      <Filter>Header Files\entity</Filter>
    </ClInclude>
    <ClInclude Include="code\entity\plant.h">
      <Filter>Header Files\entity</Filter>
    </ClInclude>
    <ClInclude Include="code\entity\life-form.h">
      <Filter>Header Files\entity</Filter>
    </ClInclude>
    <ClInclude Include="code\entity\grass.h">
      <Filter>Header Files\entity</Filter>
    </ClInclude>
    <ClInclude Include="code\entity\entity.h">
      <Filter>Header Files\entity</Filter>
    </ClInclude>
    <ClInclude Include="code\entity\animal.h">
      <Filter>Header Files\entity</Filter>
    </ClInclude>
  </ItemGroup>
</Project>