<?xml version="1.0" encoding="utf-8"?>
<Project ToolsVersion="4.0" xmlns="http://schemas.microsoft.com/developer/msbuild/2003">
  <ItemGroup>
    <Filter Include="Source Files">
      <UniqueIdentifier>{4FC737F1-C7A5-4376-A066-2A32D752A2FF}</UniqueIdentifier>
      <Extensions>cpp;c;cc;cxx;c++;cppm;ixx;def;odl;idl;hpj;bat;asm;asmx</Extensions>
    </Filter>
    <Filter Include="Header Files">
      <UniqueIdentifier>{93995380-89BD-4b04-88EB-625FBE52EBFB}</UniqueIdentifier>
      <Extensions>h;hh;hpp;hxx;h++;hm;inl;inc;ipp;xsd</Extensions>
    </Filter>
    <Filter Include="Resource Files">
      <UniqueIdentifier>{67DA6AB6-F800-4c08-8B7A-83BB121AAD01}</UniqueIdentifier>
      <Extensions>rc;ico;cur;bmp;dlg;rc2;rct;bin;rgs;gif;jpg;jpeg;jpe;resx;tiff;tif;png;wav;mfcribbon-ms</Extensions>
    </Filter>
    <Filter Include="Header Files\Entity">
      <UniqueIdentifier>{3304ec5c-fc8a-4437-9af8-fa4b6f374fc4}</UniqueIdentifier>
    </Filter>
    <Filter Include="Source Files\Entity">
      <UniqueIdentifier>{17e334a2-802a-4b85-ae67-38894be95533}</UniqueIdentifier>
    </Filter>
  </ItemGroup>
  <ItemGroup>
    <ClCompile Include="code\DisplayEngine.cpp">
      <Filter>Source Files</Filter>
    </ClCompile>
    <ClCompile Include="code\GameEngine.cpp">
      <Filter>Source Files</Filter>
    </ClCompile>
    <ClCompile Include="code\GameLoop.cpp">
      <Filter>Source Files</Filter>
    </ClCompile>
    <ClCompile Include="code\Point.cpp">
      <Filter>Source Files</Filter>
    </ClCompile>
    <ClCompile Include="code\entity\Animal.cpp">
      <Filter>Source Files\Entity</Filter>
    </ClCompile>
    <ClCompile Include="code\entity\Entity.cpp">
      <Filter>Source Files\Entity</Filter>
    </ClCompile>
    <ClCompile Include="code\entity\Grass.cpp">
      <Filter>Source Files\Entity</Filter>
    </ClCompile>
    <ClCompile Include="code\entity\LifeForm.cpp">
      <Filter>Source Files\Entity</Filter>
    </ClCompile>
    <ClCompile Include="code\entity\Plant.cpp">
      <Filter>Source Files\Entity</Filter>
    </ClCompile>
    <ClCompile Include="code\entity\Rabbit.cpp">
      <Filter>Source Files\Entity</Filter>
    </ClCompile>
  </ItemGroup>
  <ItemGroup>
    <ClInclude Include="code\DisplayEngine.h">
      <Filter>Header Files</Filter>
    </ClInclude>
    <ClInclude Include="code\GameEngine.h">
      <Filter>Header Files</Filter>
    </ClInclude>
    <ClInclude Include="code\Point.h">
      <Filter>Header Files</Filter>
    </ClInclude>
    <ClInclude Include="code\entity\Animal.h">
      <Filter>Header Files\Entity</Filter>
    </ClInclude>
    <ClInclude Include="code\entity\Entity.h">
      <Filter>Header Files\Entity</Filter>
    </ClInclude>
    <ClInclude Include="code\entity\Grass.h">
      <Filter>Header Files\Entity</Filter>
    </ClInclude>
    <ClInclude Include="code\entity\LifeForm.h">
      <Filter>Header Files\Entity</Filter>
    </ClInclude>
    <ClInclude Include="code\entity\Plant.h">
      <Filter>Header Files\Entity</Filter>
    </ClInclude>
    <ClInclude Include="code\entity\Rabbit.h">
      <Filter>Header Files\Entity</Filter>
    </ClInclude>
  </ItemGroup>
</Project>